// !$*UTF8*$!
{
	archiveVersion = 1;
	classes = {
	};
	objectVersion = 56;
	objects = {

/* Begin PBXBuildFile section */
		97BBF77F2AB312CF001297A0 /* AppDelegate.swift in Sources */ = {isa = PBXBuildFile; fileRef = 97BBF77E2AB312CF001297A0 /* AppDelegate.swift */; };
		97BBF7812AB312CF001297A0 /* SceneDelegate.swift in Sources */ = {isa = PBXBuildFile; fileRef = 97BBF7802AB312CF001297A0 /* SceneDelegate.swift */; };
		97BBF7832AB312CF001297A0 /* ViewController.swift in Sources */ = {isa = PBXBuildFile; fileRef = 97BBF7822AB312CF001297A0 /* ViewController.swift */; };
		97BBF7882AB312D0001297A0 /* Assets.xcassets in Resources */ = {isa = PBXBuildFile; fileRef = 97BBF7872AB312D0001297A0 /* Assets.xcassets */; };
		97BBF7992AB314F6001297A0 /* Main.storyboard in Resources */ = {isa = PBXBuildFile; fileRef = 97BBF7952AB314F6001297A0 /* Main.storyboard */; };
		97BBF79A2AB314F6001297A0 /* LaunchScreen.storyboard in Resources */ = {isa = PBXBuildFile; fileRef = 97BBF7972AB314F6001297A0 /* LaunchScreen.storyboard */; };
		97BBF79D2AB315AB001297A0 /* TwilioVideo in Frameworks */ = {isa = PBXBuildFile; productRef = 97BBF79C2AB315AB001297A0 /* TwilioVideo */; };
		97BBF7A52AB31658001297A0 /* Colors.swift in Sources */ = {isa = PBXBuildFile; fileRef = 97BBF7A12AB31658001297A0 /* Colors.swift */; };
		97BBF7A62AB31658001297A0 /* Settings.swift in Sources */ = {isa = PBXBuildFile; fileRef = 97BBF7A22AB31658001297A0 /* Settings.swift */; };
		97BBF7A72AB31658001297A0 /* SettingsTableViewController.swift in Sources */ = {isa = PBXBuildFile; fileRef = 97BBF7A32AB31658001297A0 /* SettingsTableViewController.swift */; };
		97BBF7A82AB31658001297A0 /* Utils.swift in Sources */ = {isa = PBXBuildFile; fileRef = 97BBF7A42AB31658001297A0 /* Utils.swift */; };
		97E7BF412AB880C400804217 /* PiPComponents.swift in Sources */ = {isa = PBXBuildFile; fileRef = 97E7BF402AB880C400804217 /* PiPComponents.swift */; };
/* End PBXBuildFile section */

/* Begin PBXFileReference section */
		972EAFA62AB9E195006D67AC /* App.entitlements */ = {isa = PBXFileReference; lastKnownFileType = text.plist.entitlements; path = App.entitlements; sourceTree = "<group>"; };
		972EAFA72ABB1E56006D67AC /* README.md */ = {isa = PBXFileReference; lastKnownFileType = net.daringfireball.markdown; path = README.md; sourceTree = "<group>"; };
		97BBF77B2AB312CF001297A0 /* PiPExample.app */ = {isa = PBXFileReference; explicitFileType = wrapper.application; includeInIndex = 0; path = PiPExample.app; sourceTree = BUILT_PRODUCTS_DIR; };
		97BBF77E2AB312CF001297A0 /* AppDelegate.swift */ = {isa = PBXFileReference; lastKnownFileType = sourcecode.swift; path = AppDelegate.swift; sourceTree = "<group>"; };
		97BBF7802AB312CF001297A0 /* SceneDelegate.swift */ = {isa = PBXFileReference; lastKnownFileType = sourcecode.swift; path = SceneDelegate.swift; sourceTree = "<group>"; };
		97BBF7822AB312CF001297A0 /* ViewController.swift */ = {isa = PBXFileReference; lastKnownFileType = sourcecode.swift; path = ViewController.swift; sourceTree = "<group>"; };
		97BBF7872AB312D0001297A0 /* Assets.xcassets */ = {isa = PBXFileReference; lastKnownFileType = folder.assetcatalog; path = Assets.xcassets; sourceTree = "<group>"; };
		97BBF78C2AB312D0001297A0 /* Info.plist */ = {isa = PBXFileReference; lastKnownFileType = text.plist.xml; path = Info.plist; sourceTree = "<group>"; };
		97BBF7962AB314F6001297A0 /* Base */ = {isa = PBXFileReference; lastKnownFileType = file.storyboard; name = Base; path = Base.lproj/Main.storyboard; sourceTree = "<group>"; };
		97BBF7982AB314F6001297A0 /* Base */ = {isa = PBXFileReference; lastKnownFileType = file.storyboard; name = Base; path = Base.lproj/LaunchScreen.storyboard; sourceTree = "<group>"; };
		97BBF7A12AB31658001297A0 /* Colors.swift */ = {isa = PBXFileReference; fileEncoding = 4; lastKnownFileType = sourcecode.swift; name = Colors.swift; path = ../../../Utils/Colors.swift; sourceTree = "<group>"; };
		97BBF7A22AB31658001297A0 /* Settings.swift */ = {isa = PBXFileReference; fileEncoding = 4; lastKnownFileType = sourcecode.swift; name = Settings.swift; path = ../../../Utils/Settings.swift; sourceTree = "<group>"; };
		97BBF7A32AB31658001297A0 /* SettingsTableViewController.swift */ = {isa = PBXFileReference; fileEncoding = 4; lastKnownFileType = sourcecode.swift; name = SettingsTableViewController.swift; path = ../../../Utils/SettingsTableViewController.swift; sourceTree = "<group>"; };
		97BBF7A42AB31658001297A0 /* Utils.swift */ = {isa = PBXFileReference; fileEncoding = 4; lastKnownFileType = sourcecode.swift; name = Utils.swift; path = ../../../Utils/Utils.swift; sourceTree = "<group>"; };
		97E7BF402AB880C400804217 /* PiPComponents.swift */ = {isa = PBXFileReference; lastKnownFileType = sourcecode.swift; path = PiPComponents.swift; sourceTree = "<group>"; };
/* End PBXFileReference section */

/* Begin PBXFrameworksBuildPhase section */
		97BBF7782AB312CF001297A0 /* Frameworks */ = {
			isa = PBXFrameworksBuildPhase;
			buildActionMask = 2147483647;
			files = (
				97BBF79D2AB315AB001297A0 /* TwilioVideo in Frameworks */,
			);
			runOnlyForDeploymentPostprocessing = 0;
		};
/* End PBXFrameworksBuildPhase section */

/* Begin PBXGroup section */
		97BBF7722AB312CF001297A0 = {
			isa = PBXGroup;
			children = (
				972EAFA62AB9E195006D67AC /* App.entitlements */,
				97BBF77D2AB312CF001297A0 /* PiPExample */,
				97BBF77C2AB312CF001297A0 /* Products */,
			);
			sourceTree = "<group>";
		};
		97BBF77C2AB312CF001297A0 /* Products */ = {
			isa = PBXGroup;
			children = (
				97BBF77B2AB312CF001297A0 /* PiPExample.app */,
			);
			name = Products;
			sourceTree = "<group>";
		};
		97BBF77D2AB312CF001297A0 /* PiPExample */ = {
			isa = PBXGroup;
			children = (
				97E7BF3F2AB880B600804217 /* PiP */,
				97BBF7A02AB31629001297A0 /* Utils */,
				97BBF7922AB3143E001297A0 /* Storyboards */,
				97BBF77E2AB312CF001297A0 /* AppDelegate.swift */,
				97BBF7802AB312CF001297A0 /* SceneDelegate.swift */,
				97BBF7822AB312CF001297A0 /* ViewController.swift */,
				97BBF7872AB312D0001297A0 /* Assets.xcassets */,
				97BBF78C2AB312D0001297A0 /* Info.plist */,
				972EAFA72ABB1E56006D67AC /* README.md */,
			);
			path = PiPExample;
			sourceTree = "<group>";
		};
		97BBF7922AB3143E001297A0 /* Storyboards */ = {
			isa = PBXGroup;
			children = (
				97BBF7972AB314F6001297A0 /* LaunchScreen.storyboard */,
				97BBF7952AB314F6001297A0 /* Main.storyboard */,
			);
			path = Storyboards;
			sourceTree = "<group>";
		};
		97BBF7A02AB31629001297A0 /* Utils */ = {
			isa = PBXGroup;
			children = (
				97BBF7A12AB31658001297A0 /* Colors.swift */,
				97BBF7A22AB31658001297A0 /* Settings.swift */,
				97BBF7A32AB31658001297A0 /* SettingsTableViewController.swift */,
				97BBF7A42AB31658001297A0 /* Utils.swift */,
			);
			path = Utils;
			sourceTree = "<group>";
		};
		97E7BF3F2AB880B600804217 /* PiP */ = {
			isa = PBXGroup;
			children = (
				97E7BF402AB880C400804217 /* PiPComponents.swift */,
			);
			path = PiP;
			sourceTree = "<group>";
		};
/* End PBXGroup section */

/* Begin PBXNativeTarget section */
		97BBF77A2AB312CF001297A0 /* PiPExample */ = {
			isa = PBXNativeTarget;
			buildConfigurationList = 97BBF78F2AB312D0001297A0 /* Build configuration list for PBXNativeTarget "PiPExample" */;
			buildPhases = (
				97BBF7772AB312CF001297A0 /* Sources */,
				97BBF7782AB312CF001297A0 /* Frameworks */,
				97BBF7792AB312CF001297A0 /* Resources */,
			);
			buildRules = (
			);
			dependencies = (
			);
			name = PiPExample;
			packageProductDependencies = (
				97BBF79C2AB315AB001297A0 /* TwilioVideo */,
			);
			productName = PiPExample;
			productReference = 97BBF77B2AB312CF001297A0 /* PiPExample.app */;
			productType = "com.apple.product-type.application";
		};
/* End PBXNativeTarget section */

/* Begin PBXProject section */
		97BBF7732AB312CF001297A0 /* Project object */ = {
			isa = PBXProject;
			attributes = {
				BuildIndependentTargetsInParallel = 1;
				LastSwiftUpdateCheck = 1430;
				LastUpgradeCheck = 1430;
				TargetAttributes = {
					97BBF77A2AB312CF001297A0 = {
						CreatedOnToolsVersion = 14.3;
					};
				};
			};
			buildConfigurationList = 97BBF7762AB312CF001297A0 /* Build configuration list for PBXProject "PiPExample" */;
			compatibilityVersion = "Xcode 14.0";
			developmentRegion = en;
			hasScannedForEncodings = 0;
			knownRegions = (
				en,
				Base,
			);
			mainGroup = 97BBF7722AB312CF001297A0;
			packageReferences = (
				97BBF79B2AB315AB001297A0 /* XCRemoteSwiftPackageReference "twilio-video-ios" */,
			);
			productRefGroup = 97BBF77C2AB312CF001297A0 /* Products */;
			projectDirPath = "";
			projectRoot = "";
			targets = (
				97BBF77A2AB312CF001297A0 /* PiPExample */,
			);
		};
/* End PBXProject section */

/* Begin PBXResourcesBuildPhase section */
		97BBF7792AB312CF001297A0 /* Resources */ = {
			isa = PBXResourcesBuildPhase;
			buildActionMask = 2147483647;
			files = (
				97BBF79A2AB314F6001297A0 /* LaunchScreen.storyboard in Resources */,
				97BBF7882AB312D0001297A0 /* Assets.xcassets in Resources */,
				97BBF7992AB314F6001297A0 /* Main.storyboard in Resources */,
			);
			runOnlyForDeploymentPostprocessing = 0;
		};
/* End PBXResourcesBuildPhase section */

/* Begin PBXSourcesBuildPhase section */
		97BBF7772AB312CF001297A0 /* Sources */ = {
			isa = PBXSourcesBuildPhase;
			buildActionMask = 2147483647;
			files = (
				97BBF7832AB312CF001297A0 /* ViewController.swift in Sources */,
				97BBF7A52AB31658001297A0 /* Colors.swift in Sources */,
				97E7BF412AB880C400804217 /* PiPComponents.swift in Sources */,
				97BBF7A72AB31658001297A0 /* SettingsTableViewController.swift in Sources */,
				97BBF7A82AB31658001297A0 /* Utils.swift in Sources */,
				97BBF77F2AB312CF001297A0 /* AppDelegate.swift in Sources */,
				97BBF7812AB312CF001297A0 /* SceneDelegate.swift in Sources */,
				97BBF7A62AB31658001297A0 /* Settings.swift in Sources */,
			);
			runOnlyForDeploymentPostprocessing = 0;
		};
/* End PBXSourcesBuildPhase section */

/* Begin PBXVariantGroup section */
		97BBF7952AB314F6001297A0 /* Main.storyboard */ = {
			isa = PBXVariantGroup;
			children = (
				97BBF7962AB314F6001297A0 /* Base */,
			);
			name = Main.storyboard;
			sourceTree = "<group>";
		};
		97BBF7972AB314F6001297A0 /* LaunchScreen.storyboard */ = {
			isa = PBXVariantGroup;
			children = (
				97BBF7982AB314F6001297A0 /* Base */,
			);
			name = LaunchScreen.storyboard;
			sourceTree = "<group>";
		};
/* End PBXVariantGroup section */

/* Begin XCBuildConfiguration section */
		97BBF78D2AB312D0001297A0 /* Debug */ = {
			isa = XCBuildConfiguration;
			buildSettings = {
				ALWAYS_SEARCH_USER_PATHS = NO;
				CLANG_ANALYZER_NONNULL = YES;
				CLANG_ANALYZER_NUMBER_OBJECT_CONVERSION = YES_AGGRESSIVE;
				CLANG_CXX_LANGUAGE_STANDARD = "gnu++20";
				CLANG_ENABLE_MODULES = YES;
				CLANG_ENABLE_OBJC_ARC = YES;
				CLANG_ENABLE_OBJC_WEAK = YES;
				CLANG_WARN_BLOCK_CAPTURE_AUTORELEASING = YES;
				CLANG_WARN_BOOL_CONVERSION = YES;
				CLANG_WARN_COMMA = YES;
				CLANG_WARN_CONSTANT_CONVERSION = YES;
				CLANG_WARN_DEPRECATED_OBJC_IMPLEMENTATIONS = YES;
				CLANG_WARN_DIRECT_OBJC_ISA_USAGE = YES_ERROR;
				CLANG_WARN_DOCUMENTATION_COMMENTS = YES;
				CLANG_WARN_EMPTY_BODY = YES;
				CLANG_WARN_ENUM_CONVERSION = YES;
				CLANG_WARN_INFINITE_RECURSION = YES;
				CLANG_WARN_INT_CONVERSION = YES;
				CLANG_WARN_NON_LITERAL_NULL_CONVERSION = YES;
				CLANG_WARN_OBJC_IMPLICIT_RETAIN_SELF = YES;
				CLANG_WARN_OBJC_LITERAL_CONVERSION = YES;
				CLANG_WARN_OBJC_ROOT_CLASS = YES_ERROR;
				CLANG_WARN_QUOTED_INCLUDE_IN_FRAMEWORK_HEADER = YES;
				CLANG_WARN_RANGE_LOOP_ANALYSIS = YES;
				CLANG_WARN_STRICT_PROTOTYPES = YES;
				CLANG_WARN_SUSPICIOUS_MOVE = YES;
				CLANG_WARN_UNGUARDED_AVAILABILITY = YES_AGGRESSIVE;
				CLANG_WARN_UNREACHABLE_CODE = YES;
				CLANG_WARN__DUPLICATE_METHOD_MATCH = YES;
				COPY_PHASE_STRIP = NO;
				DEBUG_INFORMATION_FORMAT = dwarf;
				ENABLE_STRICT_OBJC_MSGSEND = YES;
				ENABLE_TESTABILITY = YES;
				GCC_C_LANGUAGE_STANDARD = gnu11;
				GCC_DYNAMIC_NO_PIC = NO;
				GCC_NO_COMMON_BLOCKS = YES;
				GCC_OPTIMIZATION_LEVEL = 0;
				GCC_PREPROCESSOR_DEFINITIONS = (
					"DEBUG=1",
					"$(inherited)",
				);
				GCC_WARN_64_TO_32_BIT_CONVERSION = YES;
				GCC_WARN_ABOUT_RETURN_TYPE = YES_ERROR;
				GCC_WARN_UNDECLARED_SELECTOR = YES;
				GCC_WARN_UNINITIALIZED_AUTOS = YES_AGGRESSIVE;
				GCC_WARN_UNUSED_FUNCTION = YES;
				GCC_WARN_UNUSED_VARIABLE = YES;
				IPHONEOS_DEPLOYMENT_TARGET = 15.0;
				MTL_ENABLE_DEBUG_INFO = INCLUDE_SOURCE;
				MTL_FAST_MATH = YES;
				ONLY_ACTIVE_ARCH = YES;
				SDKROOT = iphoneos;
				SWIFT_ACTIVE_COMPILATION_CONDITIONS = DEBUG;
				SWIFT_OPTIMIZATION_LEVEL = "-Onone";
			};
			name = Debug;
		};
		97BBF78E2AB312D0001297A0 /* Release */ = {
			isa = XCBuildConfiguration;
			buildSettings = {
				ALWAYS_SEARCH_USER_PATHS = NO;
				CLANG_ANALYZER_NONNULL = YES;
				CLANG_ANALYZER_NUMBER_OBJECT_CONVERSION = YES_AGGRESSIVE;
				CLANG_CXX_LANGUAGE_STANDARD = "gnu++20";
				CLANG_ENABLE_MODULES = YES;
				CLANG_ENABLE_OBJC_ARC = YES;
				CLANG_ENABLE_OBJC_WEAK = YES;
				CLANG_WARN_BLOCK_CAPTURE_AUTORELEASING = YES;
				CLANG_WARN_BOOL_CONVERSION = YES;
				CLANG_WARN_COMMA = YES;
				CLANG_WARN_CONSTANT_CONVERSION = YES;
				CLANG_WARN_DEPRECATED_OBJC_IMPLEMENTATIONS = YES;
				CLANG_WARN_DIRECT_OBJC_ISA_USAGE = YES_ERROR;
				CLANG_WARN_DOCUMENTATION_COMMENTS = YES;
				CLANG_WARN_EMPTY_BODY = YES;
				CLANG_WARN_ENUM_CONVERSION = YES;
				CLANG_WARN_INFINITE_RECURSION = YES;
				CLANG_WARN_INT_CONVERSION = YES;
				CLANG_WARN_NON_LITERAL_NULL_CONVERSION = YES;
				CLANG_WARN_OBJC_IMPLICIT_RETAIN_SELF = YES;
				CLANG_WARN_OBJC_LITERAL_CONVERSION = YES;
				CLANG_WARN_OBJC_ROOT_CLASS = YES_ERROR;
				CLANG_WARN_QUOTED_INCLUDE_IN_FRAMEWORK_HEADER = YES;
				CLANG_WARN_RANGE_LOOP_ANALYSIS = YES;
				CLANG_WARN_STRICT_PROTOTYPES = YES;
				CLANG_WARN_SUSPICIOUS_MOVE = YES;
				CLANG_WARN_UNGUARDED_AVAILABILITY = YES_AGGRESSIVE;
				CLANG_WARN_UNREACHABLE_CODE = YES;
				CLANG_WARN__DUPLICATE_METHOD_MATCH = YES;
				COPY_PHASE_STRIP = NO;
				DEBUG_INFORMATION_FORMAT = "dwarf-with-dsym";
				ENABLE_NS_ASSERTIONS = NO;
				ENABLE_STRICT_OBJC_MSGSEND = YES;
				GCC_C_LANGUAGE_STANDARD = gnu11;
				GCC_NO_COMMON_BLOCKS = YES;
				GCC_WARN_64_TO_32_BIT_CONVERSION = YES;
				GCC_WARN_ABOUT_RETURN_TYPE = YES_ERROR;
				GCC_WARN_UNDECLARED_SELECTOR = YES;
				GCC_WARN_UNINITIALIZED_AUTOS = YES_AGGRESSIVE;
				GCC_WARN_UNUSED_FUNCTION = YES;
				GCC_WARN_UNUSED_VARIABLE = YES;
				IPHONEOS_DEPLOYMENT_TARGET = 15.0;
				MTL_ENABLE_DEBUG_INFO = NO;
				MTL_FAST_MATH = YES;
				SDKROOT = iphoneos;
				SWIFT_COMPILATION_MODE = wholemodule;
				SWIFT_OPTIMIZATION_LEVEL = "-O";
				VALIDATE_PRODUCT = YES;
			};
			name = Release;
		};
		97BBF7902AB312D0001297A0 /* Debug */ = {
			isa = XCBuildConfiguration;
			buildSettings = {
				ASSETCATALOG_COMPILER_APPICON_NAME = AppIcon;
				ASSETCATALOG_COMPILER_GLOBAL_ACCENT_COLOR_NAME = AccentColor;
				CODE_SIGN_ENTITLEMENTS = App.entitlements;
				CODE_SIGN_IDENTITY = "Apple Development";
				CODE_SIGN_STYLE = Automatic;
				CURRENT_PROJECT_VERSION = 1;
				DEVELOPMENT_TEAM = SX5J6BN2KX;
				GENERATE_INFOPLIST_FILE = YES;
				INFOPLIST_FILE = PiPExample/Info.plist;
				INFOPLIST_KEY_NSCameraUsageDescription = "The camera will be used to test the quickstart video capacity";
				INFOPLIST_KEY_NSMicrophoneUsageDescription = "Use the microphone to speak";
				INFOPLIST_KEY_UIApplicationSupportsIndirectInputEvents = YES;
				INFOPLIST_KEY_UILaunchStoryboardName = LaunchScreen;
				INFOPLIST_KEY_UIMainStoryboardFile = Main;
				INFOPLIST_KEY_UISupportedInterfaceOrientations_iPad = "UIInterfaceOrientationPortrait UIInterfaceOrientationPortraitUpsideDown UIInterfaceOrientationLandscapeLeft UIInterfaceOrientationLandscapeRight";
				INFOPLIST_KEY_UISupportedInterfaceOrientations_iPhone = "UIInterfaceOrientationPortrait UIInterfaceOrientationLandscapeLeft UIInterfaceOrientationLandscapeRight";
				IPHONEOS_DEPLOYMENT_TARGET = 15.0;
				LD_RUNPATH_SEARCH_PATHS = (
					"$(inherited)",
					"@executable_path/Frameworks",
				);
				MARKETING_VERSION = 1.0;
				PRODUCT_BUNDLE_IDENTIFIER = "com.twilio.video-app-internal";
				PRODUCT_NAME = "$(TARGET_NAME)";
				PROVISIONING_PROFILE_SPECIFIER = "";
				SWIFT_EMIT_LOC_STRINGS = YES;
				SWIFT_VERSION = 5.0;
				TARGETED_DEVICE_FAMILY = "1,2";
			};
			name = Debug;
		};
		97BBF7912AB312D0001297A0 /* Release */ = {
			isa = XCBuildConfiguration;
			buildSettings = {
				ASSETCATALOG_COMPILER_APPICON_NAME = AppIcon;
				ASSETCATALOG_COMPILER_GLOBAL_ACCENT_COLOR_NAME = AccentColor;
				CODE_SIGN_ENTITLEMENTS = App.entitlements;
				CODE_SIGN_IDENTITY = "Apple Development";
				CODE_SIGN_STYLE = Automatic;
				CURRENT_PROJECT_VERSION = 1;
				DEVELOPMENT_TEAM = SX5J6BN2KX;
				GENERATE_INFOPLIST_FILE = YES;
				INFOPLIST_FILE = PiPExample/Info.plist;
				INFOPLIST_KEY_NSCameraUsageDescription = "The camera will be used to test the quickstart video capacity";
				INFOPLIST_KEY_NSMicrophoneUsageDescription = "Use the microphone to speak";
				INFOPLIST_KEY_UIApplicationSupportsIndirectInputEvents = YES;
				INFOPLIST_KEY_UILaunchStoryboardName = LaunchScreen;
				INFOPLIST_KEY_UIMainStoryboardFile = Main;
				INFOPLIST_KEY_UISupportedInterfaceOrientations_iPad = "UIInterfaceOrientationPortrait UIInterfaceOrientationPortraitUpsideDown UIInterfaceOrientationLandscapeLeft UIInterfaceOrientationLandscapeRight";
				INFOPLIST_KEY_UISupportedInterfaceOrientations_iPhone = "UIInterfaceOrientationPortrait UIInterfaceOrientationLandscapeLeft UIInterfaceOrientationLandscapeRight";
				IPHONEOS_DEPLOYMENT_TARGET = 15.0;
				LD_RUNPATH_SEARCH_PATHS = (
					"$(inherited)",
					"@executable_path/Frameworks",
				);
				MARKETING_VERSION = 1.0;
				PRODUCT_BUNDLE_IDENTIFIER = "com.twilio.video-app-internal";
				PRODUCT_NAME = "$(TARGET_NAME)";
				PROVISIONING_PROFILE_SPECIFIER = "";
				SWIFT_EMIT_LOC_STRINGS = YES;
				SWIFT_VERSION = 5.0;
				TARGETED_DEVICE_FAMILY = "1,2";
			};
			name = Release;
		};
/* End XCBuildConfiguration section */

/* Begin XCConfigurationList section */
		97BBF7762AB312CF001297A0 /* Build configuration list for PBXProject "PiPExample" */ = {
			isa = XCConfigurationList;
			buildConfigurations = (
				97BBF78D2AB312D0001297A0 /* Debug */,
				97BBF78E2AB312D0001297A0 /* Release */,
			);
			defaultConfigurationIsVisible = 0;
			defaultConfigurationName = Release;
		};
		97BBF78F2AB312D0001297A0 /* Build configuration list for PBXNativeTarget "PiPExample" */ = {
			isa = XCConfigurationList;
			buildConfigurations = (
				97BBF7902AB312D0001297A0 /* Debug */,
				97BBF7912AB312D0001297A0 /* Release */,
			);
			defaultConfigurationIsVisible = 0;
			defaultConfigurationName = Release;
		};
/* End XCConfigurationList section */

/* Begin XCRemoteSwiftPackageReference section */
		97BBF79B2AB315AB001297A0 /* XCRemoteSwiftPackageReference "twilio-video-ios" */ = {
			isa = XCRemoteSwiftPackageReference;
			repositoryURL = "git@github.com:twilio/twilio-video-ios.git";
			requirement = {
				kind = upToNextMajorVersion;
				minimumVersion = 5.0.0;
			};
		};
/* End XCRemoteSwiftPackageReference section */

/* Begin XCSwiftPackageProductDependency section */
		97BBF79C2AB315AB001297A0 /* TwilioVideo */ = {
			isa = XCSwiftPackageProductDependency;
			package = 97BBF79B2AB315AB001297A0 /* XCRemoteSwiftPackageReference "twilio-video-ios" */;
			productName = TwilioVideo;
		};
/* End XCSwiftPackageProductDependency section */
	};
	rootObject = 97BBF7732AB312CF001297A0 /* Project object */;
}
